// !$*UTF8*$!
{
	archiveVersion = 1;
	classes = {
	};
	objectVersion = 50;
	objects = {

/* Begin PBXBuildFile section */
		AF600DB425508ABB0037403E /* RemainderView.swift in Sources */ = {isa = PBXBuildFile; fileRef = AF600DB325508ABB0037403E /* RemainderView.swift */; };
		AFC70F2E254E0A1600EA0C89 /* AppDelegate.swift in Sources */ = {isa = PBXBuildFile; fileRef = AFC70F2D254E0A1600EA0C89 /* AppDelegate.swift */; };
		AFC70F30254E0A1600EA0C89 /* SceneDelegate.swift in Sources */ = {isa = PBXBuildFile; fileRef = AFC70F2F254E0A1600EA0C89 /* SceneDelegate.swift */; };
		AFC70F38254E0A1600EA0C89 /* Remaindzzers.xcdatamodeld in Sources */ = {isa = PBXBuildFile; fileRef = AFC70F36254E0A1600EA0C89 /* Remaindzzers.xcdatamodeld */; };
		AFC70F3A254E0A3300EA0C89 /* Assets.xcassets in Resources */ = {isa = PBXBuildFile; fileRef = AFC70F39254E0A3300EA0C89 /* Assets.xcassets */; };
		AFC70F3D254E0A3300EA0C89 /* LaunchScreen.storyboard in Resources */ = {isa = PBXBuildFile; fileRef = AFC70F3B254E0A3300EA0C89 /* LaunchScreen.storyboard */; };
		AFC70F4C254E0EB600EA0C89 /* Theme.swift in Sources */ = {isa = PBXBuildFile; fileRef = AFC70F49254E0EB500EA0C89 /* Theme.swift */; };
		AFC70F4D254E0EB600EA0C89 /* ThemeManager.swift in Sources */ = {isa = PBXBuildFile; fileRef = AFC70F4A254E0EB500EA0C89 /* ThemeManager.swift */; };
		AFC70F4E254E0EB600EA0C89 /* Themed.swift in Sources */ = {isa = PBXBuildFile; fileRef = AFC70F4B254E0EB600EA0C89 /* Themed.swift */; };
		AFC70F50254E0EC400EA0C89 /* Weak.swift in Sources */ = {isa = PBXBuildFile; fileRef = AFC70F4F254E0EC400EA0C89 /* Weak.swift */; };
		AFC70F52254E0EEE00EA0C89 /* UIColor-extension.swift in Sources */ = {isa = PBXBuildFile; fileRef = AFC70F51254E0EEE00EA0C89 /* UIColor-extension.swift */; };
		AFC70F54254E0EFB00EA0C89 /* UIView-extension.swift in Sources */ = {isa = PBXBuildFile; fileRef = AFC70F53254E0EFA00EA0C89 /* UIView-extension.swift */; };
		AFC70F57254E101500EA0C89 /* RNavigationController.swift in Sources */ = {isa = PBXBuildFile; fileRef = AFC70F56254E101500EA0C89 /* RNavigationController.swift */; };
		AFC70F59254E104800EA0C89 /* RemainderTableViewController.swift in Sources */ = {isa = PBXBuildFile; fileRef = AFC70F58254E104800EA0C89 /* RemainderTableViewController.swift */; };
		AFC70F5B254E155F00EA0C89 /* RemainderTableViewCell.swift in Sources */ = {isa = PBXBuildFile; fileRef = AFC70F5A254E155F00EA0C89 /* RemainderTableViewCell.swift */; };
		AFC70F5D254E37EB00EA0C89 /* String-extension.swift in Sources */ = {isa = PBXBuildFile; fileRef = AFC70F5C254E37EA00EA0C89 /* String-extension.swift */; };
		AFC70F5F254F56BB00EA0C89 /* Coordinates.swift in Sources */ = {isa = PBXBuildFile; fileRef = AFC70F5E254F56BB00EA0C89 /* Coordinates.swift */; };
		AFC70F61254F56F800EA0C89 /* Remainder.swift in Sources */ = {isa = PBXBuildFile; fileRef = AFC70F60254F56F800EA0C89 /* Remainder.swift */; };
		AFC70F63254F617800EA0C89 /* RemainderCategory.swift in Sources */ = {isa = PBXBuildFile; fileRef = AFC70F62254F617800EA0C89 /* RemainderCategory.swift */; };
/* End PBXBuildFile section */

/* Begin PBXFileReference section */
		AF600DB325508ABB0037403E /* RemainderView.swift */ = {isa = PBXFileReference; lastKnownFileType = sourcecode.swift; path = RemainderView.swift; sourceTree = "<group>"; };
		AFC70F2A254E0A1600EA0C89 /* Remaindzzers.app */ = {isa = PBXFileReference; explicitFileType = wrapper.application; includeInIndex = 0; path = Remaindzzers.app; sourceTree = BUILT_PRODUCTS_DIR; };
		AFC70F2D254E0A1600EA0C89 /* AppDelegate.swift */ = {isa = PBXFileReference; lastKnownFileType = sourcecode.swift; path = AppDelegate.swift; sourceTree = "<group>"; };
		AFC70F2F254E0A1600EA0C89 /* SceneDelegate.swift */ = {isa = PBXFileReference; lastKnownFileType = sourcecode.swift; path = SceneDelegate.swift; sourceTree = "<group>"; };
		AFC70F37254E0A1600EA0C89 /* Remaindzzers.xcdatamodel */ = {isa = PBXFileReference; lastKnownFileType = wrapper.xcdatamodel; path = Remaindzzers.xcdatamodel; sourceTree = "<group>"; };
		AFC70F39254E0A3300EA0C89 /* Assets.xcassets */ = {isa = PBXFileReference; lastKnownFileType = folder.assetcatalog; path = Assets.xcassets; sourceTree = "<group>"; };
		AFC70F3C254E0A3300EA0C89 /* Base */ = {isa = PBXFileReference; lastKnownFileType = file.storyboard; name = Base; path = Base.lproj/LaunchScreen.storyboard; sourceTree = "<group>"; };
		AFC70F3E254E0A3300EA0C89 /* Info.plist */ = {isa = PBXFileReference; lastKnownFileType = text.plist.xml; path = Info.plist; sourceTree = "<group>"; };
		AFC70F49254E0EB500EA0C89 /* Theme.swift */ = {isa = PBXFileReference; fileEncoding = 4; lastKnownFileType = sourcecode.swift; path = Theme.swift; sourceTree = "<group>"; };
		AFC70F4A254E0EB500EA0C89 /* ThemeManager.swift */ = {isa = PBXFileReference; fileEncoding = 4; lastKnownFileType = sourcecode.swift; path = ThemeManager.swift; sourceTree = "<group>"; };
		AFC70F4B254E0EB600EA0C89 /* Themed.swift */ = {isa = PBXFileReference; fileEncoding = 4; lastKnownFileType = sourcecode.swift; path = Themed.swift; sourceTree = "<group>"; };
		AFC70F4F254E0EC400EA0C89 /* Weak.swift */ = {isa = PBXFileReference; fileEncoding = 4; lastKnownFileType = sourcecode.swift; path = Weak.swift; sourceTree = "<group>"; };
		AFC70F51254E0EEE00EA0C89 /* UIColor-extension.swift */ = {isa = PBXFileReference; fileEncoding = 4; lastKnownFileType = sourcecode.swift; path = "UIColor-extension.swift"; sourceTree = "<group>"; };
		AFC70F53254E0EFA00EA0C89 /* UIView-extension.swift */ = {isa = PBXFileReference; fileEncoding = 4; lastKnownFileType = sourcecode.swift; path = "UIView-extension.swift"; sourceTree = "<group>"; };
		AFC70F56254E101500EA0C89 /* RNavigationController.swift */ = {isa = PBXFileReference; fileEncoding = 4; lastKnownFileType = sourcecode.swift; path = RNavigationController.swift; sourceTree = "<group>"; };
		AFC70F58254E104800EA0C89 /* RemainderTableViewController.swift */ = {isa = PBXFileReference; lastKnownFileType = sourcecode.swift; path = RemainderTableViewController.swift; sourceTree = "<group>"; };
		AFC70F5A254E155F00EA0C89 /* RemainderTableViewCell.swift */ = {isa = PBXFileReference; lastKnownFileType = sourcecode.swift; path = RemainderTableViewCell.swift; sourceTree = "<group>"; };
		AFC70F5C254E37EA00EA0C89 /* String-extension.swift */ = {isa = PBXFileReference; fileEncoding = 4; lastKnownFileType = sourcecode.swift; path = "String-extension.swift"; sourceTree = "<group>"; };
		AFC70F5E254F56BB00EA0C89 /* Coordinates.swift */ = {isa = PBXFileReference; lastKnownFileType = sourcecode.swift; path = Coordinates.swift; sourceTree = "<group>"; };
		AFC70F60254F56F800EA0C89 /* Remainder.swift */ = {isa = PBXFileReference; lastKnownFileType = sourcecode.swift; path = Remainder.swift; sourceTree = "<group>"; };
		AFC70F62254F617800EA0C89 /* RemainderCategory.swift */ = {isa = PBXFileReference; lastKnownFileType = sourcecode.swift; path = RemainderCategory.swift; sourceTree = "<group>"; };
/* End PBXFileReference section */

/* Begin PBXFrameworksBuildPhase section */
		AFC70F27254E0A1600EA0C89 /* Frameworks */ = {
			isa = PBXFrameworksBuildPhase;
			buildActionMask = 2147483647;
			files = (
			);
			runOnlyForDeploymentPostprocessing = 0;
		};
/* End PBXFrameworksBuildPhase section */

/* Begin PBXGroup section */
		AFC70F21254E0A1600EA0C89 = {
			isa = PBXGroup;
			children = (
				AFC70F2C254E0A1600EA0C89 /* Remaindzzers */,
				AFC70F2B254E0A1600EA0C89 /* Products */,
			);
			sourceTree = "<group>";
		};
		AFC70F2B254E0A1600EA0C89 /* Products */ = {
			isa = PBXGroup;
			children = (
				AFC70F2A254E0A1600EA0C89 /* Remaindzzers.app */,
			);
			name = Products;
			sourceTree = "<group>";
		};
		AFC70F2C254E0A1600EA0C89 /* Remaindzzers */ = {
			isa = PBXGroup;
			children = (
				AFC70F2D254E0A1600EA0C89 /* AppDelegate.swift */,
				AFC70F2F254E0A1600EA0C89 /* SceneDelegate.swift */,
				AFC70F46254E0DAF00EA0C89 /* controller */,
				AFC70F45254E0DA500EA0C89 /* view */,
				AFC70F44254E0D9900EA0C89 /* model */,
				AFC70F48254E0E9600EA0C89 /* theme */,
				AFC70F55254E0F0100EA0C89 /* extension */,
				AFC70F47254E0DC700EA0C89 /* helper */,
			);
			path = Remaindzzers;
			sourceTree = "<group>";
		};
		AFC70F44254E0D9900EA0C89 /* model */ = {
			isa = PBXGroup;
			children = (
				AFC70F4F254E0EC400EA0C89 /* Weak.swift */,
				AFC70F5E254F56BB00EA0C89 /* Coordinates.swift */,
				AFC70F60254F56F800EA0C89 /* Remainder.swift */,
				AFC70F62254F617800EA0C89 /* RemainderCategory.swift */,
			);
			path = model;
			sourceTree = "<group>";
		};
		AFC70F45254E0DA500EA0C89 /* view */ = {
			isa = PBXGroup;
			children = (
				AFC70F5A254E155F00EA0C89 /* RemainderTableViewCell.swift */,
				AF600DB325508ABB0037403E /* RemainderView.swift */,
			);
			path = view;
			sourceTree = "<group>";
		};
		AFC70F46254E0DAF00EA0C89 /* controller */ = {
			isa = PBXGroup;
			children = (
				AFC70F58254E104800EA0C89 /* RemainderTableViewController.swift */,
				AFC70F56254E101500EA0C89 /* RNavigationController.swift */,
			);
			path = controller;
			sourceTree = "<group>";
		};
		AFC70F47254E0DC700EA0C89 /* helper */ = {
			isa = PBXGroup;
			children = (
				AFC70F39254E0A3300EA0C89 /* Assets.xcassets */,
				AFC70F3B254E0A3300EA0C89 /* LaunchScreen.storyboard */,
				AFC70F3E254E0A3300EA0C89 /* Info.plist */,
				AFC70F36254E0A1600EA0C89 /* Remaindzzers.xcdatamodeld */,
			);
			path = helper;
			sourceTree = "<group>";
		};
		AFC70F48254E0E9600EA0C89 /* theme */ = {
			isa = PBXGroup;
			children = (
				AFC70F49254E0EB500EA0C89 /* Theme.swift */,
				AFC70F4B254E0EB600EA0C89 /* Themed.swift */,
				AFC70F4A254E0EB500EA0C89 /* ThemeManager.swift */,
			);
			path = theme;
			sourceTree = "<group>";
		};
		AFC70F55254E0F0100EA0C89 /* extension */ = {
			isa = PBXGroup;
			children = (
				AFC70F5C254E37EA00EA0C89 /* String-extension.swift */,
				AFC70F51254E0EEE00EA0C89 /* UIColor-extension.swift */,
				AFC70F53254E0EFA00EA0C89 /* UIView-extension.swift */,
			);
			path = extension;
			sourceTree = "<group>";
		};
/* End PBXGroup section */

/* Begin PBXNativeTarget section */
		AFC70F29254E0A1600EA0C89 /* Remaindzzers */ = {
			isa = PBXNativeTarget;
			buildConfigurationList = AFC70F41254E0A3300EA0C89 /* Build configuration list for PBXNativeTarget "Remaindzzers" */;
			buildPhases = (
				AFC70F26254E0A1600EA0C89 /* Sources */,
				AFC70F27254E0A1600EA0C89 /* Frameworks */,
				AFC70F28254E0A1600EA0C89 /* Resources */,
			);
			buildRules = (
			);
			dependencies = (
			);
			name = Remaindzzers;
			productName = Remaindzzers;
			productReference = AFC70F2A254E0A1600EA0C89 /* Remaindzzers.app */;
			productType = "com.apple.product-type.application";
		};
/* End PBXNativeTarget section */

/* Begin PBXProject section */
		AFC70F22254E0A1600EA0C89 /* Project object */ = {
			isa = PBXProject;
			attributes = {
				LastSwiftUpdateCheck = 1140;
				LastUpgradeCheck = 1140;
				ORGANIZATIONNAME = "mazen baddad";
				TargetAttributes = {
					AFC70F29254E0A1600EA0C89 = {
						CreatedOnToolsVersion = 11.4.1;
					};
				};
			};
			buildConfigurationList = AFC70F25254E0A1600EA0C89 /* Build configuration list for PBXProject "Remaindzzers" */;
			compatibilityVersion = "Xcode 9.3";
			developmentRegion = en;
			hasScannedForEncodings = 0;
			knownRegions = (
				en,
				Base,
			);
			mainGroup = AFC70F21254E0A1600EA0C89;
			productRefGroup = AFC70F2B254E0A1600EA0C89 /* Products */;
			projectDirPath = "";
			projectRoot = "";
			targets = (
				AFC70F29254E0A1600EA0C89 /* Remaindzzers */,
			);
		};
/* End PBXProject section */

/* Begin PBXResourcesBuildPhase section */
		AFC70F28254E0A1600EA0C89 /* Resources */ = {
			isa = PBXResourcesBuildPhase;
			buildActionMask = 2147483647;
			files = (
				AFC70F3D254E0A3300EA0C89 /* LaunchScreen.storyboard in Resources */,
				AFC70F3A254E0A3300EA0C89 /* Assets.xcassets in Resources */,
			);
			runOnlyForDeploymentPostprocessing = 0;
		};
/* End PBXResourcesBuildPhase section */

/* Begin PBXSourcesBuildPhase section */
		AFC70F26254E0A1600EA0C89 /* Sources */ = {
			isa = PBXSourcesBuildPhase;
			buildActionMask = 2147483647;
			files = (
				AFC70F2E254E0A1600EA0C89 /* AppDelegate.swift in Sources */,
				AFC70F61254F56F800EA0C89 /* Remainder.swift in Sources */,
				AFC70F54254E0EFB00EA0C89 /* UIView-extension.swift in Sources */,
				AFC70F5D254E37EB00EA0C89 /* String-extension.swift in Sources */,
				AFC70F52254E0EEE00EA0C89 /* UIColor-extension.swift in Sources */,
				AFC70F4C254E0EB600EA0C89 /* Theme.swift in Sources */,
				AFC70F4D254E0EB600EA0C89 /* ThemeManager.swift in Sources */,
				AFC70F63254F617800EA0C89 /* RemainderCategory.swift in Sources */,
				AF600DB425508ABB0037403E /* RemainderView.swift in Sources */,
				AFC70F30254E0A1600EA0C89 /* SceneDelegate.swift in Sources */,
				AFC70F4E254E0EB600EA0C89 /* Themed.swift in Sources */,
				AFC70F38254E0A1600EA0C89 /* Remaindzzers.xcdatamodeld in Sources */,
				AFC70F5F254F56BB00EA0C89 /* Coordinates.swift in Sources */,
				AFC70F50254E0EC400EA0C89 /* Weak.swift in Sources */,
				AFC70F5B254E155F00EA0C89 /* RemainderTableViewCell.swift in Sources */,
				AFC70F59254E104800EA0C89 /* RemainderTableViewController.swift in Sources */,
				AFC70F57254E101500EA0C89 /* RNavigationController.swift in Sources */,
			);
			runOnlyForDeploymentPostprocessing = 0;
		};
/* End PBXSourcesBuildPhase section */

/* Begin PBXVariantGroup section */
		AFC70F3B254E0A3300EA0C89 /* LaunchScreen.storyboard */ = {
			isa = PBXVariantGroup;
			children = (
				AFC70F3C254E0A3300EA0C89 /* Base */,
			);
			name = LaunchScreen.storyboard;
			sourceTree = "<group>";
		};
/* End PBXVariantGroup section */

/* Begin XCBuildConfiguration section */
		AFC70F3F254E0A3300EA0C89 /* Debug */ = {
			isa = XCBuildConfiguration;
			buildSettings = {
				ALWAYS_SEARCH_USER_PATHS = NO;
				CLANG_ANALYZER_NONNULL = YES;
				CLANG_ANALYZER_NUMBER_OBJECT_CONVERSION = YES_AGGRESSIVE;
				CLANG_CXX_LANGUAGE_STANDARD = "gnu++14";
				CLANG_CXX_LIBRARY = "libc++";
				CLANG_ENABLE_MODULES = YES;
				CLANG_ENABLE_OBJC_ARC = YES;
				CLANG_ENABLE_OBJC_WEAK = YES;
				CLANG_WARN_BLOCK_CAPTURE_AUTORELEASING = YES;
				CLANG_WARN_BOOL_CONVERSION = YES;
				CLANG_WARN_COMMA = YES;
				CLANG_WARN_CONSTANT_CONVERSION = YES;
				CLANG_WARN_DEPRECATED_OBJC_IMPLEMENTATIONS = YES;
				CLANG_WARN_DIRECT_OBJC_ISA_USAGE = YES_ERROR;
				CLANG_WARN_DOCUMENTATION_COMMENTS = YES;
				CLANG_WARN_EMPTY_BODY = YES;
				CLANG_WARN_ENUM_CONVERSION = YES;
				CLANG_WARN_INFINITE_RECURSION = YES;
				CLANG_WARN_INT_CONVERSION = YES;
				CLANG_WARN_NON_LITERAL_NULL_CONVERSION = YES;
				CLANG_WARN_OBJC_IMPLICIT_RETAIN_SELF = YES;
				CLANG_WARN_OBJC_LITERAL_CONVERSION = YES;
				CLANG_WARN_OBJC_ROOT_CLASS = YES_ERROR;
				CLANG_WARN_RANGE_LOOP_ANALYSIS = YES;
				CLANG_WARN_STRICT_PROTOTYPES = YES;
				CLANG_WARN_SUSPICIOUS_MOVE = YES;
				CLANG_WARN_UNGUARDED_AVAILABILITY = YES_AGGRESSIVE;
				CLANG_WARN_UNREACHABLE_CODE = YES;
				CLANG_WARN__DUPLICATE_METHOD_MATCH = YES;
				COPY_PHASE_STRIP = NO;
				DEBUG_INFORMATION_FORMAT = dwarf;
				ENABLE_STRICT_OBJC_MSGSEND = YES;
				ENABLE_TESTABILITY = YES;
				GCC_C_LANGUAGE_STANDARD = gnu11;
				GCC_DYNAMIC_NO_PIC = NO;
				GCC_NO_COMMON_BLOCKS = YES;
				GCC_OPTIMIZATION_LEVEL = 0;
				GCC_PREPROCESSOR_DEFINITIONS = (
					"DEBUG=1",
					"$(inherited)",
				);
				GCC_WARN_64_TO_32_BIT_CONVERSION = YES;
				GCC_WARN_ABOUT_RETURN_TYPE = YES_ERROR;
				GCC_WARN_UNDECLARED_SELECTOR = YES;
				GCC_WARN_UNINITIALIZED_AUTOS = YES_AGGRESSIVE;
				GCC_WARN_UNUSED_FUNCTION = YES;
				GCC_WARN_UNUSED_VARIABLE = YES;
				IPHONEOS_DEPLOYMENT_TARGET = 13.4;
				MTL_ENABLE_DEBUG_INFO = INCLUDE_SOURCE;
				MTL_FAST_MATH = YES;
				ONLY_ACTIVE_ARCH = YES;
				SDKROOT = iphoneos;
				SWIFT_ACTIVE_COMPILATION_CONDITIONS = DEBUG;
				SWIFT_OPTIMIZATION_LEVEL = "-Onone";
			};
			name = Debug;
		};
		AFC70F40254E0A3300EA0C89 /* Release */ = {
			isa = XCBuildConfiguration;
			buildSettings = {
				ALWAYS_SEARCH_USER_PATHS = NO;
				CLANG_ANALYZER_NONNULL = YES;
				CLANG_ANALYZER_NUMBER_OBJECT_CONVERSION = YES_AGGRESSIVE;
				CLANG_CXX_LANGUAGE_STANDARD = "gnu++14";
				CLANG_CXX_LIBRARY = "libc++";
				CLANG_ENABLE_MODULES = YES;
				CLANG_ENABLE_OBJC_ARC = YES;
				CLANG_ENABLE_OBJC_WEAK = YES;
				CLANG_WARN_BLOCK_CAPTURE_AUTORELEASING = YES;
				CLANG_WARN_BOOL_CONVERSION = YES;
				CLANG_WARN_COMMA = YES;
				CLANG_WARN_CONSTANT_CONVERSION = YES;
				CLANG_WARN_DEPRECATED_OBJC_IMPLEMENTATIONS = YES;
				CLANG_WARN_DIRECT_OBJC_ISA_USAGE = YES_ERROR;
				CLANG_WARN_DOCUMENTATION_COMMENTS = YES;
				CLANG_WARN_EMPTY_BODY = YES;
				CLANG_WARN_ENUM_CONVERSION = YES;
				CLANG_WARN_INFINITE_RECURSION = YES;
				CLANG_WARN_INT_CONVERSION = YES;
				CLANG_WARN_NON_LITERAL_NULL_CONVERSION = YES;
				CLANG_WARN_OBJC_IMPLICIT_RETAIN_SELF = YES;
				CLANG_WARN_OBJC_LITERAL_CONVERSION = YES;
				CLANG_WARN_OBJC_ROOT_CLASS = YES_ERROR;
				CLANG_WARN_RANGE_LOOP_ANALYSIS = YES;
				CLANG_WARN_STRICT_PROTOTYPES = YES;
				CLANG_WARN_SUSPICIOUS_MOVE = YES;
				CLANG_WARN_UNGUARDED_AVAILABILITY = YES_AGGRESSIVE;
				CLANG_WARN_UNREACHABLE_CODE = YES;
				CLANG_WARN__DUPLICATE_METHOD_MATCH = YES;
				COPY_PHASE_STRIP = NO;
				DEBUG_INFORMATION_FORMAT = "dwarf-with-dsym";
				ENABLE_NS_ASSERTIONS = NO;
				ENABLE_STRICT_OBJC_MSGSEND = YES;
				GCC_C_LANGUAGE_STANDARD = gnu11;
				GCC_NO_COMMON_BLOCKS = YES;
				GCC_WARN_64_TO_32_BIT_CONVERSION = YES;
				GCC_WARN_ABOUT_RETURN_TYPE = YES_ERROR;
				GCC_WARN_UNDECLARED_SELECTOR = YES;
				GCC_WARN_UNINITIALIZED_AUTOS = YES_AGGRESSIVE;
				GCC_WARN_UNUSED_FUNCTION = YES;
				GCC_WARN_UNUSED_VARIABLE = YES;
				IPHONEOS_DEPLOYMENT_TARGET = 13.4;
				MTL_ENABLE_DEBUG_INFO = NO;
				MTL_FAST_MATH = YES;
				SDKROOT = iphoneos;
				SWIFT_COMPILATION_MODE = wholemodule;
				SWIFT_OPTIMIZATION_LEVEL = "-O";
				VALIDATE_PRODUCT = YES;
			};
			name = Release;
		};
		AFC70F42254E0A3300EA0C89 /* Debug */ = {
			isa = XCBuildConfiguration;
			buildSettings = {
				ASSETCATALOG_COMPILER_APPICON_NAME = AppIcon;
				CODE_SIGN_STYLE = Automatic;
				DEVELOPMENT_TEAM = 6D677EY6CV;
				INFOPLIST_FILE = Remaindzzers/helper/Info.plist;
				IPHONEOS_DEPLOYMENT_TARGET = 12.0;
				LD_RUNPATH_SEARCH_PATHS = (
					"$(inherited)",
					"@executable_path/Frameworks",
				);
				PRODUCT_BUNDLE_IDENTIFIER = com.mazenbaddad.remaindzzers.Remaindzzers;
				PRODUCT_NAME = "$(TARGET_NAME)";
				SWIFT_VERSION = 5.0;
				TARGETED_DEVICE_FAMILY = "1,2";
			};
			name = Debug;
		};
		AFC70F43254E0A3300EA0C89 /* Release */ = {
			isa = XCBuildConfiguration;
			buildSettings = {
				ASSETCATALOG_COMPILER_APPICON_NAME = AppIcon;
				CODE_SIGN_STYLE = Automatic;
				DEVELOPMENT_TEAM = 6D677EY6CV;
				INFOPLIST_FILE = Remaindzzers/helper/Info.plist;
				IPHONEOS_DEPLOYMENT_TARGET = 12.0;
				LD_RUNPATH_SEARCH_PATHS = (
					"$(inherited)",
					"@executable_path/Frameworks",
				);
				PRODUCT_BUNDLE_IDENTIFIER = com.mazenbaddad.remaindzzers.Remaindzzers;
				PRODUCT_NAME = "$(TARGET_NAME)";
				SWIFT_VERSION = 5.0;
				TARGETED_DEVICE_FAMILY = "1,2";
			};
			name = Release;
		};
/* End XCBuildConfiguration section */

/* Begin XCConfigurationList section */
		AFC70F25254E0A1600EA0C89 /* Build configuration list for PBXProject "Remaindzzers" */ = {
			isa = XCConfigurationList;
			buildConfigurations = (
				AFC70F3F254E0A3300EA0C89 /* Debug */,
				AFC70F40254E0A3300EA0C89 /* Release */,
			);
			defaultConfigurationIsVisible = 0;
			defaultConfigurationName = Release;
		};
		AFC70F41254E0A3300EA0C89 /* Build configuration list for PBXNativeTarget "Remaindzzers" */ = {
			isa = XCConfigurationList;
			buildConfigurations = (
				AFC70F42254E0A3300EA0C89 /* Debug */,
				AFC70F43254E0A3300EA0C89 /* Release */,
			);
			defaultConfigurationIsVisible = 0;
			defaultConfigurationName = Release;
		};
/* End XCConfigurationList section */

/* Begin XCVersionGroup section */
		AFC70F36254E0A1600EA0C89 /* Remaindzzers.xcdatamodeld */ = {
			isa = XCVersionGroup;
			children = (
				AFC70F37254E0A1600EA0C89 /* Remaindzzers.xcdatamodel */,
			);
			currentVersion = AFC70F37254E0A1600EA0C89 /* Remaindzzers.xcdatamodel */;
			path = Remaindzzers.xcdatamodeld;
			sourceTree = "<group>";
			versionGroupType = wrapper.xcdatamodel;
		};
/* End XCVersionGroup section */
	};
	rootObject = AFC70F22254E0A1600EA0C89 /* Project object */;
}
